
Microsoft Visual Studio Solution File, Format Version 12.00
# Visual Studio Version 17
VisualStudioVersion = 17.0.32014.148
MinimumVisualStudioVersion = 10.0.40219.1
Project("{9A19103F-16F7-4668-BE54-9A1E7A4F7556}") = "Notary.CMS.Api", "Notary.CMS.Api\Notary.CMS.Api.csproj", "{BD865648-C50F-4189-9EAB-9CDA353D1A29}"
EndProject
Project("{9A19103F-16F7-4668-BE54-9A1E7A4F7556}") = "Notary.CMS.DataAccess", "Notary.CMS.DataAccess\Notary.CMS.DataAccess.csproj", "{96151802-AC8C-4BAA-AA97-A8F35BB04258}"
EndProject
Project("{9A19103F-16F7-4668-BE54-9A1E7A4F7556}") = "Notary.CMS.Tests", "Notary.CMS.Tests\Notary.CMS.Tests.csproj", "{519FE249-3957-410C-849C-64DB7E1E9406}"
EndProject
Project("{FAE04EC0-301F-11D3-BF4B-00C04F79EFBC}") = "Common.Middleware", "Common.Middleware\Common.Middleware.csproj", "{3D2FBE6B-7F73-442D-91FC-9DB565B764FC}"
EndProject
Project("{FAE04EC0-301F-11D3-BF4B-00C04F79EFBC}") = "Common", "Common\Common.csproj", "{4452B7A8-BA57-4A6B-ACB4-033089178D9B}"
EndProject
Global
	GlobalSection(SolutionConfigurationPlatforms) = preSolution
		Debug|Any CPU = Debug|Any CPU
		Release|Any CPU = Release|Any CPU
	EndGlobalSection
	GlobalSection(ProjectConfigurationPlatforms) = postSolution
		{BD865648-C50F-4189-9EAB-9CDA353D1A29}.Debug|Any CPU.ActiveCfg = Debug|Any CPU
		{BD865648-C50F-4189-9EAB-9CDA353D1A29}.Debug|Any CPU.Build.0 = Debug|Any CPU
		{BD865648-C50F-4189-9EAB-9CDA353D1A29}.Release|Any CPU.ActiveCfg = Release|Any CPU
		{BD865648-C50F-4189-9EAB-9CDA353D1A29}.Release|Any CPU.Build.0 = Release|Any CPU
		{96151802-AC8C-4BAA-AA97-A8F35BB04258}.Debug|Any CPU.ActiveCfg = Debug|Any CPU
		{96151802-AC8C-4BAA-AA97-A8F35BB04258}.Debug|Any CPU.Build.0 = Debug|Any CPU
		{96151802-AC8C-4BAA-AA97-A8F35BB04258}.Release|Any CPU.ActiveCfg = Release|Any CPU
		{96151802-AC8C-4BAA-AA97-A8F35BB04258}.Release|Any CPU.Build.0 = Release|Any CPU
		{519FE249-3957-410C-849C-64DB7E1E9406}.Debug|Any CPU.ActiveCfg = Debug|Any CPU
		{519FE249-3957-410C-849C-64DB7E1E9406}.Debug|Any CPU.Build.0 = Debug|Any CPU
		{519FE249-3957-410C-849C-64DB7E1E9406}.Release|Any CPU.ActiveCfg = Release|Any CPU
		{519FE249-3957-410C-849C-64DB7E1E9406}.Release|Any CPU.Build.0 = Release|Any CPU
		{3D2FBE6B-7F73-442D-91FC-9DB565B764FC}.Debug|Any CPU.ActiveCfg = Debug|Any CPU
		{3D2FBE6B-7F73-442D-91FC-9DB565B764FC}.Debug|Any CPU.Build.0 = Debug|Any CPU
		{3D2FBE6B-7F73-442D-91FC-9DB565B764FC}.Release|Any CPU.ActiveCfg = Release|Any CPU
		{3D2FBE6B-7F73-442D-91FC-9DB565B764FC}.Release|Any CPU.Build.0 = Release|Any CPU
		{4452B7A8-BA57-4A6B-ACB4-033089178D9B}.Debug|Any CPU.ActiveCfg = Debug|Any CPU
		{4452B7A8-BA57-4A6B-ACB4-033089178D9B}.Debug|Any CPU.Build.0 = Debug|Any CPU
		{4452B7A8-BA57-4A6B-ACB4-033089178D9B}.Release|Any CPU.ActiveCfg = Release|Any CPU
		{4452B7A8-BA57-4A6B-ACB4-033089178D9B}.Release|Any CPU.Build.0 = Release|Any CPU
	EndGlobalSection
	GlobalSection(SolutionProperties) = preSolution
		HideSolutionNode = FALSE
	EndGlobalSection
	GlobalSection(ExtensibilityGlobals) = postSolution
		SolutionGuid = {174E41D8-ACF3-4882-9F60-532A21A86840}
	EndGlobalSection
EndGlobal
